<?xml version="1.0" encoding="utf-8"?>
<Project ToolsVersion="4.0" xmlns="http://schemas.microsoft.com/developer/msbuild/2003">
  <ItemGroup>
    <Filter Include="Исходные файлы">
      <UniqueIdentifier>{4FC737F1-C7A5-4376-A066-2A32D752A2FF}</UniqueIdentifier>
      <Extensions>cpp;c;cc;cxx;c++;cppm;ixx;def;odl;idl;hpj;bat;asm;asmx</Extensions>
    </Filter>
    <Filter Include="Файлы заголовков">
      <UniqueIdentifier>{93995380-89BD-4b04-88EB-625FBE52EBFB}</UniqueIdentifier>
      <Extensions>h;hh;hpp;hxx;h++;hm;inl;inc;ipp;xsd</Extensions>
    </Filter>
    <Filter Include="Файлы ресурсов">
      <UniqueIdentifier>{67DA6AB6-F800-4c08-8B7A-83BB121AAD01}</UniqueIdentifier>
      <Extensions>rc;ico;cur;bmp;dlg;rc2;rct;bin;rgs;gif;jpg;jpeg;jpe;resx;tiff;tif;png;wav;mfcribbon-ms</Extensions>
    </Filter>
  </ItemGroup>
  <ItemGroup>
    <ClInclude Include="xCoffee\plugin.h">
      <Filter>Файлы заголовков</Filter>
    </ClInclude>
    <ClInclude Include="xCoffee\pluginmain.h">
      <Filter>Файлы заголовков</Filter>
    </ClInclude>
    <ClInclude Include="xCoffee\pluginsdk\bridgegraph.h">
      <Filter>Файлы заголовков</Filter>
    </ClInclude>
    <ClInclude Include="xCoffee\pluginsdk\bridgelist.h">
      <Filter>Файлы заголовков</Filter>
    </ClInclude>
    <ClInclude Include="xCoffee\pluginsdk\bridgemain.h">
      <Filter>Файлы заголовков</Filter>
    </ClInclude>
    <ClInclude Include="xCoffee\pluginsdk\dbghelp\dbghelp.h">
      <Filter>Файлы заголовков</Filter>
    </ClInclude>
    <ClInclude Include="xCoffee\pluginsdk\DeviceNameResolver\DeviceNameResolver.h">
      <Filter>Файлы заголовков</Filter>
    </ClInclude>
    <ClInclude Include="xCoffee\pluginsdk\jansson\jansson.h">
      <Filter>Файлы заголовков</Filter>
    </ClInclude>
    <ClInclude Include="xCoffee\pluginsdk\jansson\jansson_config.h">
      <Filter>Файлы заголовков</Filter>
    </ClInclude>
    <ClInclude Include="xCoffee\pluginsdk\jansson\jansson_x64dbg.h">
      <Filter>Файлы заголовков</Filter>
    </ClInclude>
    <ClInclude Include="xCoffee\pluginsdk\lz4\lz4.h">
      <Filter>Файлы заголовков</Filter>
    </ClInclude>
    <ClInclude Include="xCoffee\pluginsdk\lz4\lz4file.h">
      <Filter>Файлы заголовков</Filter>
    </ClInclude>
    <ClInclude Include="xCoffee\pluginsdk\lz4\lz4hc.h">
      <Filter>Файлы заголовков</Filter>
    </ClInclude>
    <ClInclude Include="xCoffee\pluginsdk\TitanEngine\TitanEngine.h">
      <Filter>Файлы заголовков</Filter>
    </ClInclude>
    <ClInclude Include="xCoffee\pluginsdk\XEDParse\XEDParse.h">
      <Filter>Файлы заголовков</Filter>
    </ClInclude>
    <ClInclude Include="xCoffee\pluginsdk\_dbgfunctions.h">
      <Filter>Файлы заголовков</Filter>
    </ClInclude>
    <ClInclude Include="xCoffee\pluginsdk\_plugins.h">
      <Filter>Файлы заголовков</Filter>
    </ClInclude>
    <ClInclude Include="xCoffee\pluginsdk\_plugin_types.h">
      <Filter>Файлы заголовков</Filter>
    </ClInclude>
    <ClInclude Include="xCoffee\pluginsdk\_scriptapi.h">
      <Filter>Файлы заголовков</Filter>
    </ClInclude>
    <ClInclude Include="xCoffee\pluginsdk\_scriptapi_argument.h">
      <Filter>Файлы заголовков</Filter>
    </ClInclude>
    <ClInclude Include="xCoffee\pluginsdk\_scriptapi_assembler.h">
      <Filter>Файлы заголовков</Filter>
    </ClInclude>
    <ClInclude Include="xCoffee\pluginsdk\_scriptapi_bookmark.h">
      <Filter>Файлы заголовков</Filter>
    </ClInclude>
    <ClInclude Include="xCoffee\pluginsdk\_scriptapi_comment.h">
      <Filter>Файлы заголовков</Filter>
    </ClInclude>
    <ClInclude Include="xCoffee\pluginsdk\_scriptapi_debug.h">
      <Filter>Файлы заголовков</Filter>
    </ClInclude>
    <ClInclude Include="xCoffee\pluginsdk\_scriptapi_flag.h">
      <Filter>Файлы заголовков</Filter>
    </ClInclude>
    <ClInclude Include="xCoffee\pluginsdk\_scriptapi_function.h">
      <Filter>Файлы заголовков</Filter>
    </ClInclude>
    <ClInclude Include="xCoffee\pluginsdk\_scriptapi_gui.h">
      <Filter>Файлы заголовков</Filter>
    </ClInclude>
    <ClInclude Include="xCoffee\pluginsdk\_scriptapi_label.h">
      <Filter>Файлы заголовков</Filter>
    </ClInclude>
    <ClInclude Include="xCoffee\pluginsdk\_scriptapi_memory.h">
      <Filter>Файлы заголовков</Filter>
    </ClInclude>
    <ClInclude Include="xCoffee\pluginsdk\_scriptapi_misc.h">
      <Filter>Файлы заголовков</Filter>
    </ClInclude>
    <ClInclude Include="xCoffee\pluginsdk\_scriptapi_module.h">
      <Filter>Файлы заголовков</Filter>
    </ClInclude>
    <ClInclude Include="xCoffee\pluginsdk\_scriptapi_pattern.h">
      <Filter>Файлы заголовков</Filter>
    </ClInclude>
    <ClInclude Include="xCoffee\pluginsdk\_scriptapi_register.h">
      <Filter>Файлы заголовков</Filter>
    </ClInclude>
    <ClInclude Include="xCoffee\pluginsdk\_scriptapi_stack.h">
      <Filter>Файлы заголовков</Filter>
    </ClInclude>
    <ClInclude Include="xCoffee\pluginsdk\_scriptapi_symbol.h">
      <Filter>Файлы заголовков</Filter>
    </ClInclude>
    <ClInclude Include="xCoffee\singleton.h">
      <Filter>Файлы заголовков</Filter>
    </ClInclude>
    <ClInclude Include="xCoffee\signmaker.h">
      <Filter>Файлы заголовков</Filter>
    </ClInclude>
    <ClInclude Include="resource.h">
      <Filter>Файлы заголовков</Filter>
    </ClInclude>
    <ClInclude Include="xCoffee\util.h">
      <Filter>Файлы заголовков</Filter>
    </ClInclude>
    <ClInclude Include="xCoffee\ms_rtti.h">
      <Filter>Файлы заголовков</Filter>
    </ClInclude>
    <ClInclude Include="xCoffee\stream.h">
      <Filter>Файлы заголовков</Filter>
    </ClInclude>
  </ItemGroup>
  <ItemGroup>
    <ClCompile Include="xCoffee\pluginmain.cpp">
      <Filter>Исходные файлы</Filter>
    </ClCompile>
    <ClCompile Include="xCoffee\plugin.cpp">
      <Filter>Исходные файлы</Filter>
    </ClCompile>
    <ClCompile Include="xCoffee\signmaker.cpp">
      <Filter>Исходные файлы</Filter>
    </ClCompile>
    <ClCompile Include="xCoffee\zydis_hide.c">
      <Filter>Исходные файлы</Filter>
    </ClCompile>
    <ClCompile Include="xCoffee\util.cpp">
      <Filter>Исходные файлы</Filter>
    </ClCompile>
    <ClCompile Include="xCoffee\ms_rtti.cpp">
      <Filter>Исходные файлы</Filter>
    </ClCompile>
    <ClCompile Include="xCoffee\stream.cpp">
      <Filter>Исходные файлы</Filter>
    </ClCompile>
  </ItemGroup>
  <ItemGroup>
    <ResourceCompile Include="xCoffee.rc">
      <Filter>Файлы ресурсов</Filter>
    </ResourceCompile>
  </ItemGroup>
</Project>